
Microsoft Visual Studio Solution File, Format Version 12.00
# Visual Studio Version 17
VisualStudioVersion = 17.4.33213.308
MinimumVisualStudioVersion = 10.0.40219.1
Project("{FAE04EC0-301F-11D3-BF4B-00C04F79EFBC}") = "Ex1", "Ex1\Ex1.csproj", "{F3640B84-E1B4-407E-A805-2C7475FD39FD}"
EndProject
Project("{FAE04EC0-301F-11D3-BF4B-00C04F79EFBC}") = "Ex2", "Ex2\Ex2.csproj", "{3662C177-6B1D-4832-951A-0F3FF2FC3A21}"
EndProject
Project("{FAE04EC0-301F-11D3-BF4B-00C04F79EFBC}") = "Ex3", "Ex3\Ex3.csproj", "{F1037310-BFFC-42F7-9985-A9755D48EF15}"
EndProject
Project("{FAE04EC0-301F-11D3-BF4B-00C04F79EFBC}") = "Ex4", "Ex4\Ex4.csproj", "{34DD517C-CC96-4A3E-87BF-F716346DEA52}"
EndProject
Project("{FAE04EC0-301F-11D3-BF4B-00C04F79EFBC}") = "Ex5", "Ex5\Ex5.csproj", "{2BC01DE5-E697-4147-89F2-1F3258379B7B}"
EndProject
Project("{FAE04EC0-301F-11D3-BF4B-00C04F79EFBC}") = "Ex6", "Ex6\Ex6.csproj", "{1CC86814-EC61-4F8D-8490-E05EA0B82651}"
EndProject
Project("{FAE04EC0-301F-11D3-BF4B-00C04F79EFBC}") = "Ex7", "Ex7\Ex7.csproj", "{B25B7646-48B0-4113-873D-552DF5500E09}"
EndProject
Project("{FAE04EC0-301F-11D3-BF4B-00C04F79EFBC}") = "Ex8", "Ex8\Ex8.csproj", "{28A30CFA-94E1-4514-812F-074FC156EFF7}"
EndProject
Project("{FAE04EC0-301F-11D3-BF4B-00C04F79EFBC}") = "Ex9", "Ex9\Ex9.csproj", "{96C63888-3529-4172-94DA-B0BA729AA715}"
EndProject
Project("{FAE04EC0-301F-11D3-BF4B-00C04F79EFBC}") = "Ex10", "Ex10\Ex10.csproj", "{EC317357-13CA-4A44-A5D3-7617F5F5A439}"
EndProject
Project("{FAE04EC0-301F-11D3-BF4B-00C04F79EFBC}") = "Ex11", "Ex11\Ex11.csproj", "{B2D9B1DE-168D-4171-8B71-23A8D92B96F9}"
EndProject
Project("{FAE04EC0-301F-11D3-BF4B-00C04F79EFBC}") = "Ex12", "Ex12\Ex12.csproj", "{7A46955D-4A43-4590-91CD-1CB94732AD0E}"
EndProject
Project("{FAE04EC0-301F-11D3-BF4B-00C04F79EFBC}") = "Ex13", "Ex13\Ex13.csproj", "{2FB54881-CF44-4699-B6B9-54A32EE0869F}"
EndProject
Project("{FAE04EC0-301F-11D3-BF4B-00C04F79EFBC}") = "Ex14", "Ex14\Ex14.csproj", "{315F0715-267F-45EB-A62C-AE8ECA8DA664}"
EndProject
Project("{FAE04EC0-301F-11D3-BF4B-00C04F79EFBC}") = "Ex15", "Ex15\Ex15.csproj", "{88C5230B-5E68-4925-B69B-1083F266D4F0}"
EndProject
Project("{FAE04EC0-301F-11D3-BF4B-00C04F79EFBC}") = "Ex16", "Ex16\Ex16.csproj", "{5ACECD4C-4CFF-4409-9089-90904C7A196E}"
EndProject
Project("{FAE04EC0-301F-11D3-BF4B-00C04F79EFBC}") = "Ex17", "Ex17\Ex17.csproj", "{66125EB1-B6AB-40F0-886A-5C6CB834444D}"
EndProject
Project("{FAE04EC0-301F-11D3-BF4B-00C04F79EFBC}") = "Ex18", "Ex18\Ex18.csproj", "{BBE9DA79-8F5F-4BD3-AA12-9C5BC709688D}"
EndProject
Project("{FAE04EC0-301F-11D3-BF4B-00C04F79EFBC}") = "Ex19", "Ex19\Ex19.csproj", "{B5655A98-D416-4701-ABFE-2115E1C89030}"
EndProject
Project("{FAE04EC0-301F-11D3-BF4B-00C04F79EFBC}") = "Ex20", "Ex20\Ex20.csproj", "{A8C5CDE1-04E2-4A79-9934-1D456731C1F1}"
EndProject
Project("{FAE04EC0-301F-11D3-BF4B-00C04F79EFBC}") = "Ex21", "Ex21\Ex21.csproj", "{01803CDB-4802-4080-B36D-577867A8A94F}"
EndProject
Project("{FAE04EC0-301F-11D3-BF4B-00C04F79EFBC}") = "Ex22", "Ex22\Ex22.csproj", "{67F7E83F-A6F9-44A5-80FB-631359B94CC4}"
EndProject
Project("{FAE04EC0-301F-11D3-BF4B-00C04F79EFBC}") = "Ex23", "Ex23\Ex23.csproj", "{57E77EAE-2D7C-4C47-9671-5B4C095B21FA}"
EndProject
Project("{FAE04EC0-301F-11D3-BF4B-00C04F79EFBC}") = "Ex24", "Ex24\Ex24.csproj", "{B243F874-FC17-45F8-BC9E-234900C34591}"
EndProject
Project("{FAE04EC0-301F-11D3-BF4B-00C04F79EFBC}") = "Ex25", "Ex25\Ex25.csproj", "{66215788-B398-401A-B05F-7E4D39DABD93}"
EndProject
Project("{FAE04EC0-301F-11D3-BF4B-00C04F79EFBC}") = "Ex26", "Ex26\Ex26.csproj", "{9079FB99-E7BE-40CE-B79C-43CFAD7B32FF}"
EndProject
Project("{FAE04EC0-301F-11D3-BF4B-00C04F79EFBC}") = "Ex27", "Ex27\Ex27.csproj", "{9A1A3216-021B-4C5D-B222-152C1ED8820C}"
EndProject
Global
	GlobalSection(SolutionConfigurationPlatforms) = preSolution
		Debug|Any CPU = Debug|Any CPU
		Release|Any CPU = Release|Any CPU
	EndGlobalSection
	GlobalSection(ProjectConfigurationPlatforms) = postSolution
		{F3640B84-E1B4-407E-A805-2C7475FD39FD}.Debug|Any CPU.ActiveCfg = Debug|Any CPU
		{F3640B84-E1B4-407E-A805-2C7475FD39FD}.Debug|Any CPU.Build.0 = Debug|Any CPU
		{F3640B84-E1B4-407E-A805-2C7475FD39FD}.Release|Any CPU.ActiveCfg = Release|Any CPU
		{F3640B84-E1B4-407E-A805-2C7475FD39FD}.Release|Any CPU.Build.0 = Release|Any CPU
		{3662C177-6B1D-4832-951A-0F3FF2FC3A21}.Debug|Any CPU.ActiveCfg = Debug|Any CPU
		{3662C177-6B1D-4832-951A-0F3FF2FC3A21}.Debug|Any CPU.Build.0 = Debug|Any CPU
		{3662C177-6B1D-4832-951A-0F3FF2FC3A21}.Release|Any CPU.ActiveCfg = Release|Any CPU
		{3662C177-6B1D-4832-951A-0F3FF2FC3A21}.Release|Any CPU.Build.0 = Release|Any CPU
		{F1037310-BFFC-42F7-9985-A9755D48EF15}.Debug|Any CPU.ActiveCfg = Debug|Any CPU
		{F1037310-BFFC-42F7-9985-A9755D48EF15}.Debug|Any CPU.Build.0 = Debug|Any CPU
		{F1037310-BFFC-42F7-9985-A9755D48EF15}.Release|Any CPU.ActiveCfg = Release|Any CPU
		{F1037310-BFFC-42F7-9985-A9755D48EF15}.Release|Any CPU.Build.0 = Release|Any CPU
		{34DD517C-CC96-4A3E-87BF-F716346DEA52}.Debug|Any CPU.ActiveCfg = Debug|Any CPU
		{34DD517C-CC96-4A3E-87BF-F716346DEA52}.Debug|Any CPU.Build.0 = Debug|Any CPU
		{34DD517C-CC96-4A3E-87BF-F716346DEA52}.Release|Any CPU.ActiveCfg = Release|Any CPU
		{34DD517C-CC96-4A3E-87BF-F716346DEA52}.Release|Any CPU.Build.0 = Release|Any CPU
		{2BC01DE5-E697-4147-89F2-1F3258379B7B}.Debug|Any CPU.ActiveCfg = Debug|Any CPU
		{2BC01DE5-E697-4147-89F2-1F3258379B7B}.Debug|Any CPU.Build.0 = Debug|Any CPU
		{2BC01DE5-E697-4147-89F2-1F3258379B7B}.Release|Any CPU.ActiveCfg = Release|Any CPU
		{2BC01DE5-E697-4147-89F2-1F3258379B7B}.Release|Any CPU.Build.0 = Release|Any CPU
		{1CC86814-EC61-4F8D-8490-E05EA0B82651}.Debug|Any CPU.ActiveCfg = Debug|Any CPU
		{1CC86814-EC61-4F8D-8490-E05EA0B82651}.Debug|Any CPU.Build.0 = Debug|Any CPU
		{1CC86814-EC61-4F8D-8490-E05EA0B82651}.Release|Any CPU.ActiveCfg = Release|Any CPU
		{1CC86814-EC61-4F8D-8490-E05EA0B82651}.Release|Any CPU.Build.0 = Release|Any CPU
		{B25B7646-48B0-4113-873D-552DF5500E09}.Debug|Any CPU.ActiveCfg = Debug|Any CPU
		{B25B7646-48B0-4113-873D-552DF5500E09}.Debug|Any CPU.Build.0 = Debug|Any CPU
		{B25B7646-48B0-4113-873D-552DF5500E09}.Release|Any CPU.ActiveCfg = Release|Any CPU
		{B25B7646-48B0-4113-873D-552DF5500E09}.Release|Any CPU.Build.0 = Release|Any CPU
		{28A30CFA-94E1-4514-812F-074FC156EFF7}.Debug|Any CPU.ActiveCfg = Debug|Any CPU
		{28A30CFA-94E1-4514-812F-074FC156EFF7}.Debug|Any CPU.Build.0 = Debug|Any CPU
		{28A30CFA-94E1-4514-812F-074FC156EFF7}.Release|Any CPU.ActiveCfg = Release|Any CPU
		{28A30CFA-94E1-4514-812F-074FC156EFF7}.Release|Any CPU.Build.0 = Release|Any CPU
		{96C63888-3529-4172-94DA-B0BA729AA715}.Debug|Any CPU.ActiveCfg = Debug|Any CPU
		{96C63888-3529-4172-94DA-B0BA729AA715}.Debug|Any CPU.Build.0 = Debug|Any CPU
		{96C63888-3529-4172-94DA-B0BA729AA715}.Release|Any CPU.ActiveCfg = Release|Any CPU
		{96C63888-3529-4172-94DA-B0BA729AA715}.Release|Any CPU.Build.0 = Release|Any CPU
		{EC317357-13CA-4A44-A5D3-7617F5F5A439}.Debug|Any CPU.ActiveCfg = Debug|Any CPU
		{EC317357-13CA-4A44-A5D3-7617F5F5A439}.Debug|Any CPU.Build.0 = Debug|Any CPU
		{EC317357-13CA-4A44-A5D3-7617F5F5A439}.Release|Any CPU.ActiveCfg = Release|Any CPU
		{EC317357-13CA-4A44-A5D3-7617F5F5A439}.Release|Any CPU.Build.0 = Release|Any CPU
		{B2D9B1DE-168D-4171-8B71-23A8D92B96F9}.Debug|Any CPU.ActiveCfg = Debug|Any CPU
		{B2D9B1DE-168D-4171-8B71-23A8D92B96F9}.Debug|Any CPU.Build.0 = Debug|Any CPU
		{B2D9B1DE-168D-4171-8B71-23A8D92B96F9}.Release|Any CPU.ActiveCfg = Release|Any CPU
		{B2D9B1DE-168D-4171-8B71-23A8D92B96F9}.Release|Any CPU.Build.0 = Release|Any CPU
		{7A46955D-4A43-4590-91CD-1CB94732AD0E}.Debug|Any CPU.ActiveCfg = Debug|Any CPU
		{7A46955D-4A43-4590-91CD-1CB94732AD0E}.Debug|Any CPU.Build.0 = Debug|Any CPU
		{7A46955D-4A43-4590-91CD-1CB94732AD0E}.Release|Any CPU.ActiveCfg = Release|Any CPU
		{7A46955D-4A43-4590-91CD-1CB94732AD0E}.Release|Any CPU.Build.0 = Release|Any CPU
		{2FB54881-CF44-4699-B6B9-54A32EE0869F}.Debug|Any CPU.ActiveCfg = Debug|Any CPU
		{2FB54881-CF44-4699-B6B9-54A32EE0869F}.Debug|Any CPU.Build.0 = Debug|Any CPU
		{2FB54881-CF44-4699-B6B9-54A32EE0869F}.Release|Any CPU.ActiveCfg = Release|Any CPU
		{2FB54881-CF44-4699-B6B9-54A32EE0869F}.Release|Any CPU.Build.0 = Release|Any CPU
		{315F0715-267F-45EB-A62C-AE8ECA8DA664}.Debug|Any CPU.ActiveCfg = Debug|Any CPU
		{315F0715-267F-45EB-A62C-AE8ECA8DA664}.Debug|Any CPU.Build.0 = Debug|Any CPU
		{315F0715-267F-45EB-A62C-AE8ECA8DA664}.Release|Any CPU.ActiveCfg = Release|Any CPU
		{315F0715-267F-45EB-A62C-AE8ECA8DA664}.Release|Any CPU.Build.0 = Release|Any CPU
		{88C5230B-5E68-4925-B69B-1083F266D4F0}.Debug|Any CPU.ActiveCfg = Debug|Any CPU
		{88C5230B-5E68-4925-B69B-1083F266D4F0}.Debug|Any CPU.Build.0 = Debug|Any CPU
		{88C5230B-5E68-4925-B69B-1083F266D4F0}.Release|Any CPU.ActiveCfg = Release|Any CPU
		{88C5230B-5E68-4925-B69B-1083F266D4F0}.Release|Any CPU.Build.0 = Release|Any CPU
		{5ACECD4C-4CFF-4409-9089-90904C7A196E}.Debug|Any CPU.ActiveCfg = Debug|Any CPU
		{5ACECD4C-4CFF-4409-9089-90904C7A196E}.Debug|Any CPU.Build.0 = Debug|Any CPU
		{5ACECD4C-4CFF-4409-9089-90904C7A196E}.Release|Any CPU.ActiveCfg = Release|Any CPU
		{5ACECD4C-4CFF-4409-9089-90904C7A196E}.Release|Any CPU.Build.0 = Release|Any CPU
		{66125EB1-B6AB-40F0-886A-5C6CB834444D}.Debug|Any CPU.ActiveCfg = Debug|Any CPU
		{66125EB1-B6AB-40F0-886A-5C6CB834444D}.Debug|Any CPU.Build.0 = Debug|Any CPU
		{66125EB1-B6AB-40F0-886A-5C6CB834444D}.Release|Any CPU.ActiveCfg = Release|Any CPU
		{66125EB1-B6AB-40F0-886A-5C6CB834444D}.Release|Any CPU.Build.0 = Release|Any CPU
		{BBE9DA79-8F5F-4BD3-AA12-9C5BC709688D}.Debug|Any CPU.ActiveCfg = Debug|Any CPU
		{BBE9DA79-8F5F-4BD3-AA12-9C5BC709688D}.Debug|Any CPU.Build.0 = Debug|Any CPU
		{BBE9DA79-8F5F-4BD3-AA12-9C5BC709688D}.Release|Any CPU.ActiveCfg = Release|Any CPU
		{BBE9DA79-8F5F-4BD3-AA12-9C5BC709688D}.Release|Any CPU.Build.0 = Release|Any CPU
		{B5655A98-D416-4701-ABFE-2115E1C89030}.Debug|Any CPU.ActiveCfg = Debug|Any CPU
		{B5655A98-D416-4701-ABFE-2115E1C89030}.Debug|Any CPU.Build.0 = Debug|Any CPU
		{B5655A98-D416-4701-ABFE-2115E1C89030}.Release|Any CPU.ActiveCfg = Release|Any CPU
		{B5655A98-D416-4701-ABFE-2115E1C89030}.Release|Any CPU.Build.0 = Release|Any CPU
		{A8C5CDE1-04E2-4A79-9934-1D456731C1F1}.Debug|Any CPU.ActiveCfg = Debug|Any CPU
		{A8C5CDE1-04E2-4A79-9934-1D456731C1F1}.Debug|Any CPU.Build.0 = Debug|Any CPU
		{A8C5CDE1-04E2-4A79-9934-1D456731C1F1}.Release|Any CPU.ActiveCfg = Release|Any CPU
		{A8C5CDE1-04E2-4A79-9934-1D456731C1F1}.Release|Any CPU.Build.0 = Release|Any CPU
		{01803CDB-4802-4080-B36D-577867A8A94F}.Debug|Any CPU.ActiveCfg = Debug|Any CPU
		{01803CDB-4802-4080-B36D-577867A8A94F}.Debug|Any CPU.Build.0 = Debug|Any CPU
		{01803CDB-4802-4080-B36D-577867A8A94F}.Release|Any CPU.ActiveCfg = Release|Any CPU
		{01803CDB-4802-4080-B36D-577867A8A94F}.Release|Any CPU.Build.0 = Release|Any CPU
		{67F7E83F-A6F9-44A5-80FB-631359B94CC4}.Debug|Any CPU.ActiveCfg = Debug|Any CPU
		{67F7E83F-A6F9-44A5-80FB-631359B94CC4}.Debug|Any CPU.Build.0 = Debug|Any CPU
		{67F7E83F-A6F9-44A5-80FB-631359B94CC4}.Release|Any CPU.ActiveCfg = Release|Any CPU
		{67F7E83F-A6F9-44A5-80FB-631359B94CC4}.Release|Any CPU.Build.0 = Release|Any CPU
		{57E77EAE-2D7C-4C47-9671-5B4C095B21FA}.Debug|Any CPU.ActiveCfg = Debug|Any CPU
		{57E77EAE-2D7C-4C47-9671-5B4C095B21FA}.Debug|Any CPU.Build.0 = Debug|Any CPU
		{57E77EAE-2D7C-4C47-9671-5B4C095B21FA}.Release|Any CPU.ActiveCfg = Release|Any CPU
		{57E77EAE-2D7C-4C47-9671-5B4C095B21FA}.Release|Any CPU.Build.0 = Release|Any CPU
		{B243F874-FC17-45F8-BC9E-234900C34591}.Debug|Any CPU.ActiveCfg = Debug|Any CPU
		{B243F874-FC17-45F8-BC9E-234900C34591}.Debug|Any CPU.Build.0 = Debug|Any CPU
		{B243F874-FC17-45F8-BC9E-234900C34591}.Release|Any CPU.ActiveCfg = Release|Any CPU
		{B243F874-FC17-45F8-BC9E-234900C34591}.Release|Any CPU.Build.0 = Release|Any CPU
		{66215788-B398-401A-B05F-7E4D39DABD93}.Debug|Any CPU.ActiveCfg = Debug|Any CPU
		{66215788-B398-401A-B05F-7E4D39DABD93}.Debug|Any CPU.Build.0 = Debug|Any CPU
		{66215788-B398-401A-B05F-7E4D39DABD93}.Release|Any CPU.ActiveCfg = Release|Any CPU
		{66215788-B398-401A-B05F-7E4D39DABD93}.Release|Any CPU.Build.0 = Release|Any CPU
		{9079FB99-E7BE-40CE-B79C-43CFAD7B32FF}.Debug|Any CPU.ActiveCfg = Debug|Any CPU
		{9079FB99-E7BE-40CE-B79C-43CFAD7B32FF}.Debug|Any CPU.Build.0 = Debug|Any CPU
		{9079FB99-E7BE-40CE-B79C-43CFAD7B32FF}.Release|Any CPU.ActiveCfg = Release|Any CPU
		{9079FB99-E7BE-40CE-B79C-43CFAD7B32FF}.Release|Any CPU.Build.0 = Release|Any CPU
		{9A1A3216-021B-4C5D-B222-152C1ED8820C}.Debug|Any CPU.ActiveCfg = Debug|Any CPU
		{9A1A3216-021B-4C5D-B222-152C1ED8820C}.Debug|Any CPU.Build.0 = Debug|Any CPU
		{9A1A3216-021B-4C5D-B222-152C1ED8820C}.Release|Any CPU.ActiveCfg = Release|Any CPU
		{9A1A3216-021B-4C5D-B222-152C1ED8820C}.Release|Any CPU.Build.0 = Release|Any CPU
	EndGlobalSection
	GlobalSection(SolutionProperties) = preSolution
		HideSolutionNode = FALSE
	EndGlobalSection
	GlobalSection(ExtensibilityGlobals) = postSolution
		SolutionGuid = {25E5D2C0-DF38-46C3-BBF4-01A50F10E587}
	EndGlobalSection
EndGlobal
